
Microsoft Visual Studio Solution File, Format Version 12.00
# Visual Studio Version 17
VisualStudioVersion = 17.14.36518.9 d17.14
MinimumVisualStudioVersion = 10.0.40219.1
Project("{888888A0-9F3D-457C-B088-3A5042F75D52}") = "dz_4", "dz_4\dz_4.pyproj", "{CAD3793C-E627-4776-9D77-2E9B0018B5EE}"
EndProject
Global
	GlobalSection(SolutionConfigurationPlatforms) = preSolution
		Debug|Any CPU = Debug|Any CPU
		Release|Any CPU = Release|Any CPU
	EndGlobalSection
	GlobalSection(ProjectConfigurationPlatforms) = postSolution
		{CAD3793C-E627-4776-9D77-2E9B0018B5EE}.Debug|Any CPU.ActiveCfg = Debug|Any CPU
		{CAD3793C-E627-4776-9D77-2E9B0018B5EE}.Release|Any CPU.ActiveCfg = Release|Any CPU
	EndGlobalSection
	GlobalSection(SolutionProperties) = preSolution
		HideSolutionNode = FALSE
	EndGlobalSection
	GlobalSection(ExtensibilityGlobals) = postSolution
		SolutionGuid = {37C9B6F2-6FC1-4E91-BC7A-1DC261D1D8DF}
	EndGlobalSection
EndGlobal
